
Microsoft Visual Studio Solution File, Format Version 12.00
# Visual Studio Version 17
VisualStudioVersion = 17.14.36408.4
MinimumVisualStudioVersion = 10.0.40219.1
Project("{8BC9CEB8-8B4A-11D0-8D11-00A0C91BC942}") = "SAA-2025", "SAA-2025\SAA-2025.vcxproj", "{B3B9243A-6208-4DAC-A609-7ABC4BA9F6E1}"
EndProject
Project("{8BC9CEB8-8B4A-11D0-8D11-00A0C91BC942}") = "SAA-2025LIB", "SAA-2025LIB\SAA-2025LIB.vcxproj", "{5A88610D-D723-4816-95CE-EE0B992C8E09}"
EndProject
Global
	GlobalSection(SolutionConfigurationPlatforms) = preSolution
		Debug|x64 = Debug|x64
		Debug|x86 = Debug|x86
		Release|x64 = Release|x64
		Release|x86 = Release|x86
	EndGlobalSection
	GlobalSection(ProjectConfigurationPlatforms) = postSolution
		{B3B9243A-6208-4DAC-A609-7ABC4BA9F6E1}.Debug|x64.ActiveCfg = Debug|x64
		{B3B9243A-6208-4DAC-A609-7ABC4BA9F6E1}.Debug|x64.Build.0 = Debug|x64
		{B3B9243A-6208-4DAC-A609-7ABC4BA9F6E1}.Debug|x86.ActiveCfg = Debug|Win32
		{B3B9243A-6208-4DAC-A609-7ABC4BA9F6E1}.Debug|x86.Build.0 = Debug|Win32
		{B3B9243A-6208-4DAC-A609-7ABC4BA9F6E1}.Release|x64.ActiveCfg = Release|x64
		{B3B9243A-6208-4DAC-A609-7ABC4BA9F6E1}.Release|x64.Build.0 = Release|x64
		{B3B9243A-6208-4DAC-A609-7ABC4BA9F6E1}.Release|x86.ActiveCfg = Release|Win32
		{B3B9243A-6208-4DAC-A609-7ABC4BA9F6E1}.Release|x86.Build.0 = Release|Win32
		{5A88610D-D723-4816-95CE-EE0B992C8E09}.Debug|x64.ActiveCfg = Debug|x64
		{5A88610D-D723-4816-95CE-EE0B992C8E09}.Debug|x64.Build.0 = Debug|x64
		{5A88610D-D723-4816-95CE-EE0B992C8E09}.Debug|x86.ActiveCfg = Debug|Win32
		{5A88610D-D723-4816-95CE-EE0B992C8E09}.Debug|x86.Build.0 = Debug|Win32
		{5A88610D-D723-4816-95CE-EE0B992C8E09}.Release|x64.ActiveCfg = Release|x64
		{5A88610D-D723-4816-95CE-EE0B992C8E09}.Release|x64.Build.0 = Release|x64
		{5A88610D-D723-4816-95CE-EE0B992C8E09}.Release|x86.ActiveCfg = Release|Win32
		{5A88610D-D723-4816-95CE-EE0B992C8E09}.Release|x86.Build.0 = Release|Win32
	EndGlobalSection
	GlobalSection(SolutionProperties) = preSolution
		HideSolutionNode = FALSE
	EndGlobalSection
	GlobalSection(ExtensibilityGlobals) = postSolution
		SolutionGuid = {D4E098FD-9F83-4965-8755-47E3B2C699F4}
	EndGlobalSection
EndGlobal
